
Microsoft Visual Studio Solution File, Format Version 12.00
# Visual Studio Version 16
VisualStudioVersion = 16.0.29806.167
MinimumVisualStudioVersion = 10.0.40219.1
Project("{FAE04EC0-301F-11D3-BF4B-00C04F79EFBC}") = "set-bing-wallpaper", "set-bing-wallpaper\set-bing-wallpaper.csproj", "{1E2A77C2-7475-40BB-BE6B-A57D92FC5960}"
EndProject
Global
	GlobalSection(SolutionConfigurationPlatforms) = preSolution
		Debug|Any CPU = Debug|Any CPU
		Release|Any CPU = Release|Any CPU
	EndGlobalSection
	GlobalSection(ProjectConfigurationPlatforms) = postSolution
		{1E2A77C2-7475-40BB-BE6B-A57D92FC5960}.Debug|Any CPU.ActiveCfg = Debug|Any CPU
		{1E2A77C2-7475-40BB-BE6B-A57D92FC5960}.Debug|Any CPU.Build.0 = Debug|Any CPU
		{1E2A77C2-7475-40BB-BE6B-A57D92FC5960}.Release|Any CPU.ActiveCfg = Release|Any CPU
		{1E2A77C2-7475-40BB-BE6B-A57D92FC5960}.Release|Any CPU.Build.0 = Release|Any CPU
	EndGlobalSection
	GlobalSection(SolutionProperties) = preSolution
		HideSolutionNode = FALSE
	EndGlobalSection
	GlobalSection(ExtensibilityGlobals) = postSolution
		SolutionGuid = {D53BCD29-0588-4F44-AB6C-971053ADF40B}
	EndGlobalSection
EndGlobal
